
Microsoft Visual Studio Solution File, Format Version 12.00
# Visual Studio Version 16
VisualStudioVersion = 25.0.1706.7
MinimumVisualStudioVersion = 10.0.40219.1
Project("{FAE04EC0-301F-11D3-BF4B-00C04F79EFBC}") = "Mortgage_Calculator", "Mortgage_Calculator\Mortgage_Calculator.csproj", "{4A40F3B4-AAA6-4F6B-96D1-C9B263C6EA9D}"
EndProject
Global
	GlobalSection(SolutionConfigurationPlatforms) = preSolution
		Debug|Any CPU = Debug|Any CPU
		Release|Any CPU = Release|Any CPU
	EndGlobalSection
	GlobalSection(ProjectConfigurationPlatforms) = postSolution
		{4A40F3B4-AAA6-4F6B-96D1-C9B263C6EA9D}.Debug|Any CPU.ActiveCfg = Debug|Any CPU
		{4A40F3B4-AAA6-4F6B-96D1-C9B263C6EA9D}.Debug|Any CPU.Build.0 = Debug|Any CPU
		{4A40F3B4-AAA6-4F6B-96D1-C9B263C6EA9D}.Release|Any CPU.ActiveCfg = Release|Any CPU
		{4A40F3B4-AAA6-4F6B-96D1-C9B263C6EA9D}.Release|Any CPU.Build.0 = Release|Any CPU
	EndGlobalSection
	GlobalSection(SolutionProperties) = preSolution
		HideSolutionNode = FALSE
	EndGlobalSection
	GlobalSection(ExtensibilityGlobals) = postSolution
		SolutionGuid = {D7A4F055-D781-4210-987B-C5E2267A58E6}
	EndGlobalSection
EndGlobal
