
Microsoft Visual Studio Solution File, Format Version 12.00
# Visual Studio Version 16
VisualStudioVersion = 25.0.1706.7
MinimumVisualStudioVersion = 10.0.40219.1
Project("{FAE04EC0-301F-11D3-BF4B-00C04F79EFBC}") = "BlazorApp", "BlazorApp\BlazorApp.csproj", "{C0EE8D37-CF28-482F-B001-5A56D385B4E1}"
EndProject
Project("{FAE04EC0-301F-11D3-BF4B-00C04F79EFBC}") = "Mortgage_Calculator", "Mortgage_Calculator\Mortgage_Calculator.csproj", "{D10E4ABC-06E3-4FA9-8804-3D429792AE45}"
EndProject
Project("{FAE04EC0-301F-11D3-BF4B-00C04F79EFBC}") = "MortgageCalculator.Specs", "MortgageCalculator.Specs\MortgageCalculator.Specs.csproj", "{979763EE-38F7-4CF7-B07F-CDDE0030A809}"
EndProject
Project("{FAE04EC0-301F-11D3-BF4B-00C04F79EFBC}") = "MortgageCalculator.Selenium", "MortgageCalculator.Selenium\MortgageCalculator.Selenium.csproj", "{D5905FCF-CC57-42B5-A95A-B90B7904BEEF}"
EndProject
Global
	GlobalSection(SolutionConfigurationPlatforms) = preSolution
		Debug|Any CPU = Debug|Any CPU
		Release|Any CPU = Release|Any CPU
	EndGlobalSection
	GlobalSection(ProjectConfigurationPlatforms) = postSolution
		{C0EE8D37-CF28-482F-B001-5A56D385B4E1}.Debug|Any CPU.ActiveCfg = Debug|Any CPU
		{C0EE8D37-CF28-482F-B001-5A56D385B4E1}.Debug|Any CPU.Build.0 = Debug|Any CPU
		{C0EE8D37-CF28-482F-B001-5A56D385B4E1}.Release|Any CPU.ActiveCfg = Release|Any CPU
		{C0EE8D37-CF28-482F-B001-5A56D385B4E1}.Release|Any CPU.Build.0 = Release|Any CPU
		{D10E4ABC-06E3-4FA9-8804-3D429792AE45}.Debug|Any CPU.ActiveCfg = Debug|Any CPU
		{D10E4ABC-06E3-4FA9-8804-3D429792AE45}.Debug|Any CPU.Build.0 = Debug|Any CPU
		{D10E4ABC-06E3-4FA9-8804-3D429792AE45}.Release|Any CPU.ActiveCfg = Release|Any CPU
		{D10E4ABC-06E3-4FA9-8804-3D429792AE45}.Release|Any CPU.Build.0 = Release|Any CPU
		{979763EE-38F7-4CF7-B07F-CDDE0030A809}.Debug|Any CPU.ActiveCfg = Debug|Any CPU
		{979763EE-38F7-4CF7-B07F-CDDE0030A809}.Debug|Any CPU.Build.0 = Debug|Any CPU
		{979763EE-38F7-4CF7-B07F-CDDE0030A809}.Release|Any CPU.ActiveCfg = Release|Any CPU
		{979763EE-38F7-4CF7-B07F-CDDE0030A809}.Release|Any CPU.Build.0 = Release|Any CPU
		{D5905FCF-CC57-42B5-A95A-B90B7904BEEF}.Debug|Any CPU.ActiveCfg = Debug|Any CPU
		{D5905FCF-CC57-42B5-A95A-B90B7904BEEF}.Debug|Any CPU.Build.0 = Debug|Any CPU
		{D5905FCF-CC57-42B5-A95A-B90B7904BEEF}.Release|Any CPU.ActiveCfg = Release|Any CPU
		{D5905FCF-CC57-42B5-A95A-B90B7904BEEF}.Release|Any CPU.Build.0 = Release|Any CPU
	EndGlobalSection
	GlobalSection(SolutionProperties) = preSolution
		HideSolutionNode = FALSE
	EndGlobalSection
	GlobalSection(ExtensibilityGlobals) = postSolution
		SolutionGuid = {D7A4F055-D781-4210-987B-C5E2267A58E6}
	EndGlobalSection
EndGlobal
